
Microsoft Visual Studio Solution File, Format Version 12.00
# Visual Studio Version 17
VisualStudioVersion = 17.7.34031.279
MinimumVisualStudioVersion = 10.0.40219.1
Project("{FAE04EC0-301F-11D3-BF4B-00C04F79EFBC}") = "26 October", "26 October\26 October.csproj", "{A31483EB-05C8-481F-A57F-EAB16037E105}"
EndProject
Global
	GlobalSection(SolutionConfigurationPlatforms) = preSolution
		Debug|Any CPU = Debug|Any CPU
		Release|Any CPU = Release|Any CPU
	EndGlobalSection
	GlobalSection(ProjectConfigurationPlatforms) = postSolution
		{A31483EB-05C8-481F-A57F-EAB16037E105}.Debug|Any CPU.ActiveCfg = Debug|Any CPU
		{A31483EB-05C8-481F-A57F-EAB16037E105}.Debug|Any CPU.Build.0 = Debug|Any CPU
		{A31483EB-05C8-481F-A57F-EAB16037E105}.Release|Any CPU.ActiveCfg = Release|Any CPU
		{A31483EB-05C8-481F-A57F-EAB16037E105}.Release|Any CPU.Build.0 = Release|Any CPU
	EndGlobalSection
	GlobalSection(SolutionProperties) = preSolution
		HideSolutionNode = FALSE
	EndGlobalSection
	GlobalSection(ExtensibilityGlobals) = postSolution
		SolutionGuid = {DE37EE00-89EB-49C6-9831-2C4425709520}
	EndGlobalSection
EndGlobal
